// !$*UTF8*$!
{
	archiveVersion = 1;
	classes = {
	};
	objectVersion = 46;
	objects = {

/* Begin PBXBuildFile section */
		2DF4372DC378F199659448E0 /* Pods_SpacesTests.framework in Frameworks */ = {isa = PBXBuildFile; fileRef = 8A0D5DD28C3D3496C5652397 /* Pods_SpacesTests.framework */; };
		562C3443F0D3FA536B98C37B /* Pods_SpacesUITests.framework in Frameworks */ = {isa = PBXBuildFile; fileRef = C2CE2C3806872CB76FCC6C20 /* Pods_SpacesUITests.framework */; };
		AE4A52369523218154EEB590 /* Pods_Spaces.framework in Frameworks */ = {isa = PBXBuildFile; fileRef = 9585383CF8E2857A14E5A626 /* Pods_Spaces.framework */; };
		C350B3971F286AD00008F0E2 /* AppDelegate.swift in Sources */ = {isa = PBXBuildFile; fileRef = C350B3961F286AD00008F0E2 /* AppDelegate.swift */; };
		C350B3991F286AD00008F0E2 /* ViewController.swift in Sources */ = {isa = PBXBuildFile; fileRef = C350B3981F286AD00008F0E2 /* ViewController.swift */; };
		C350B39B1F286AD00008F0E2 /* Assets.xcassets in Resources */ = {isa = PBXBuildFile; fileRef = C350B39A1F286AD00008F0E2 /* Assets.xcassets */; };
		C350B39E1F286AD00008F0E2 /* Main.storyboard in Resources */ = {isa = PBXBuildFile; fileRef = C350B39C1F286AD00008F0E2 /* Main.storyboard */; };
		C350B3A91F286AD00008F0E2 /* SpacesTests.swift in Sources */ = {isa = PBXBuildFile; fileRef = C350B3A81F286AD00008F0E2 /* SpacesTests.swift */; };
		C350B3B41F286AD00008F0E2 /* SpacesUITests.swift in Sources */ = {isa = PBXBuildFile; fileRef = C350B3B31F286AD00008F0E2 /* SpacesUITests.swift */; };
		C377A984203BACBD001E2E6C /* TRHotkeyManager.swift in Sources */ = {isa = PBXBuildFile; fileRef = C377A983203BACBD001E2E6C /* TRHotkeyManager.swift */; };
		C38E876C1F286C480010BD4C /* TRWindowManager.swift in Sources */ = {isa = PBXBuildFile; fileRef = C38E876B1F286C480010BD4C /* TRWindowManager.swift */; };
		C3A07D3B1F2C038900D4E285 /* TROverlayWindow.swift in Sources */ = {isa = PBXBuildFile; fileRef = C3A07D3A1F2C038900D4E285 /* TROverlayWindow.swift */; };
		C3A07D541F2E6AB000D4E285 /* GlobalEventsMonitor.swift in Sources */ = {isa = PBXBuildFile; fileRef = C3A07D531F2E6AB000D4E285 /* GlobalEventsMonitor.swift */; };
		C3A07D561F2F033400D4E285 /* CGRect.swift in Sources */ = {isa = PBXBuildFile; fileRef = C3A07D551F2F033400D4E285 /* CGRect.swift */; };
		C3A07D591F2F07B800D4E285 /* NSRect.swift in Sources */ = {isa = PBXBuildFile; fileRef = C3A07D581F2F07B800D4E285 /* NSRect.swift */; };
		C3A07D5B1F2F10CF00D4E285 /* TRHotKey.swift in Sources */ = {isa = PBXBuildFile; fileRef = C3A07D5A1F2F10CF00D4E285 /* TRHotKey.swift */; };
		C3A07D5D1F30380500D4E285 /* Logging.swift in Sources */ = {isa = PBXBuildFile; fileRef = C3A07D5C1F30380500D4E285 /* Logging.swift */; };
		C3A07D971F319A3C00D4E285 /* CGPoint.swift in Sources */ = {isa = PBXBuildFile; fileRef = C3A07D961F319A3C00D4E285 /* CGPoint.swift */; };
		C3A07D991F32F35400D4E285 /* TRWindowSizer.swift in Sources */ = {isa = PBXBuildFile; fileRef = C3A07D981F32F35400D4E285 /* TRWindowSizer.swift */; };
		C3A07D9B1F32FCF900D4E285 /* TRWindowSize.swift in Sources */ = {isa = PBXBuildFile; fileRef = C3A07D9A1F32FCF900D4E285 /* TRWindowSize.swift */; };
		C3D8D4011F29B25F00845A2E /* TRManagerBase.swift in Sources */ = {isa = PBXBuildFile; fileRef = C3D8D4001F29B25F00845A2E /* TRManagerBase.swift */; };
		C3D8D4031F29C4EE00845A2E /* TRWindow.swift in Sources */ = {isa = PBXBuildFile; fileRef = C3D8D4021F29C4EE00845A2E /* TRWindow.swift */; };
		C3D8D4051F29C69200845A2E /* TRApplication.swift in Sources */ = {isa = PBXBuildFile; fileRef = C3D8D4041F29C69200845A2E /* TRApplication.swift */; };
/* End PBXBuildFile section */

/* Begin PBXContainerItemProxy section */
		C350B3A51F286AD00008F0E2 /* PBXContainerItemProxy */ = {
			isa = PBXContainerItemProxy;
			containerPortal = C350B38B1F286AD00008F0E2 /* Project object */;
			proxyType = 1;
			remoteGlobalIDString = C350B3921F286AD00008F0E2;
			remoteInfo = Spaces;
		};
		C350B3B01F286AD00008F0E2 /* PBXContainerItemProxy */ = {
			isa = PBXContainerItemProxy;
			containerPortal = C350B38B1F286AD00008F0E2 /* Project object */;
			proxyType = 1;
			remoteGlobalIDString = C350B3921F286AD00008F0E2;
			remoteInfo = Spaces;
		};
/* End PBXContainerItemProxy section */

/* Begin PBXFileReference section */
		10F78C715E604C3E31143070 /* Pods-Spaces.release.xcconfig */ = {isa = PBXFileReference; includeInIndex = 1; lastKnownFileType = text.xcconfig; name = "Pods-Spaces.release.xcconfig"; path = "Pods/Target Support Files/Pods-Spaces/Pods-Spaces.release.xcconfig"; sourceTree = "<group>"; };
		245FC5B2669CDC3029F6F810 /* Pods-Spaces.debug.xcconfig */ = {isa = PBXFileReference; includeInIndex = 1; lastKnownFileType = text.xcconfig; name = "Pods-Spaces.debug.xcconfig"; path = "Pods/Target Support Files/Pods-Spaces/Pods-Spaces.debug.xcconfig"; sourceTree = "<group>"; };
		358417ED2F968C61D23295D2 /* Pods-SpacesTests.debug.xcconfig */ = {isa = PBXFileReference; includeInIndex = 1; lastKnownFileType = text.xcconfig; name = "Pods-SpacesTests.debug.xcconfig"; path = "Pods/Target Support Files/Pods-SpacesTests/Pods-SpacesTests.debug.xcconfig"; sourceTree = "<group>"; };
		4045B86067F54FB093DA46D5 /* Pods-SpacesTests.release.xcconfig */ = {isa = PBXFileReference; includeInIndex = 1; lastKnownFileType = text.xcconfig; name = "Pods-SpacesTests.release.xcconfig"; path = "Pods/Target Support Files/Pods-SpacesTests/Pods-SpacesTests.release.xcconfig"; sourceTree = "<group>"; };
		8A0D5DD28C3D3496C5652397 /* Pods_SpacesTests.framework */ = {isa = PBXFileReference; explicitFileType = wrapper.framework; includeInIndex = 0; path = Pods_SpacesTests.framework; sourceTree = BUILT_PRODUCTS_DIR; };
		9585383CF8E2857A14E5A626 /* Pods_Spaces.framework */ = {isa = PBXFileReference; explicitFileType = wrapper.framework; includeInIndex = 0; path = Pods_Spaces.framework; sourceTree = BUILT_PRODUCTS_DIR; };
		992C82354648A7403B6A1317 /* Pods-SpacesUITests.release.xcconfig */ = {isa = PBXFileReference; includeInIndex = 1; lastKnownFileType = text.xcconfig; name = "Pods-SpacesUITests.release.xcconfig"; path = "Pods/Target Support Files/Pods-SpacesUITests/Pods-SpacesUITests.release.xcconfig"; sourceTree = "<group>"; };
		A611B9BD48C3346647A73A79 /* Pods-SpacesUITests.debug.xcconfig */ = {isa = PBXFileReference; includeInIndex = 1; lastKnownFileType = text.xcconfig; name = "Pods-SpacesUITests.debug.xcconfig"; path = "Pods/Target Support Files/Pods-SpacesUITests/Pods-SpacesUITests.debug.xcconfig"; sourceTree = "<group>"; };
		C2CE2C3806872CB76FCC6C20 /* Pods_SpacesUITests.framework */ = {isa = PBXFileReference; explicitFileType = wrapper.framework; includeInIndex = 0; path = Pods_SpacesUITests.framework; sourceTree = BUILT_PRODUCTS_DIR; };
		C350B3931F286AD00008F0E2 /* Spaces.app */ = {isa = PBXFileReference; explicitFileType = wrapper.application; includeInIndex = 0; path = Spaces.app; sourceTree = BUILT_PRODUCTS_DIR; };
		C350B3961F286AD00008F0E2 /* AppDelegate.swift */ = {isa = PBXFileReference; lastKnownFileType = sourcecode.swift; path = AppDelegate.swift; sourceTree = "<group>"; };
		C350B3981F286AD00008F0E2 /* ViewController.swift */ = {isa = PBXFileReference; lastKnownFileType = sourcecode.swift; path = ViewController.swift; sourceTree = "<group>"; };
		C350B39A1F286AD00008F0E2 /* Assets.xcassets */ = {isa = PBXFileReference; lastKnownFileType = folder.assetcatalog; path = Assets.xcassets; sourceTree = "<group>"; };
		C350B39D1F286AD00008F0E2 /* Base */ = {isa = PBXFileReference; lastKnownFileType = file.storyboard; name = Base; path = Base.lproj/Main.storyboard; sourceTree = "<group>"; };
		C350B39F1F286AD00008F0E2 /* Info.plist */ = {isa = PBXFileReference; lastKnownFileType = text.plist.xml; path = Info.plist; sourceTree = "<group>"; };
		C350B3A41F286AD00008F0E2 /* SpacesTests.xctest */ = {isa = PBXFileReference; explicitFileType = wrapper.cfbundle; includeInIndex = 0; path = SpacesTests.xctest; sourceTree = BUILT_PRODUCTS_DIR; };
		C350B3A81F286AD00008F0E2 /* SpacesTests.swift */ = {isa = PBXFileReference; lastKnownFileType = sourcecode.swift; path = SpacesTests.swift; sourceTree = "<group>"; };
		C350B3AA1F286AD00008F0E2 /* Info.plist */ = {isa = PBXFileReference; lastKnownFileType = text.plist.xml; path = Info.plist; sourceTree = "<group>"; };
		C350B3AF1F286AD00008F0E2 /* SpacesUITests.xctest */ = {isa = PBXFileReference; explicitFileType = wrapper.cfbundle; includeInIndex = 0; path = SpacesUITests.xctest; sourceTree = BUILT_PRODUCTS_DIR; };
		C350B3B31F286AD00008F0E2 /* SpacesUITests.swift */ = {isa = PBXFileReference; lastKnownFileType = sourcecode.swift; path = SpacesUITests.swift; sourceTree = "<group>"; };
		C350B3B51F286AD00008F0E2 /* Info.plist */ = {isa = PBXFileReference; lastKnownFileType = text.plist.xml; path = Info.plist; sourceTree = "<group>"; };
		C377A983203BACBD001E2E6C /* TRHotkeyManager.swift */ = {isa = PBXFileReference; lastKnownFileType = sourcecode.swift; path = TRHotkeyManager.swift; sourceTree = "<group>"; };
		C38E876B1F286C480010BD4C /* TRWindowManager.swift */ = {isa = PBXFileReference; fileEncoding = 4; lastKnownFileType = sourcecode.swift; path = TRWindowManager.swift; sourceTree = "<group>"; };
		C3A07D3A1F2C038900D4E285 /* TROverlayWindow.swift */ = {isa = PBXFileReference; fileEncoding = 4; lastKnownFileType = sourcecode.swift; path = TROverlayWindow.swift; sourceTree = "<group>"; };
		C3A07D531F2E6AB000D4E285 /* GlobalEventsMonitor.swift */ = {isa = PBXFileReference; fileEncoding = 4; lastKnownFileType = sourcecode.swift; name = GlobalEventsMonitor.swift; path = ../GlobalEventsMonitor.swift; sourceTree = "<group>"; };
		C3A07D551F2F033400D4E285 /* CGRect.swift */ = {isa = PBXFileReference; fileEncoding = 4; lastKnownFileType = sourcecode.swift; path = CGRect.swift; sourceTree = "<group>"; };
		C3A07D581F2F07B800D4E285 /* NSRect.swift */ = {isa = PBXFileReference; fileEncoding = 4; lastKnownFileType = sourcecode.swift; path = NSRect.swift; sourceTree = "<group>"; };
		C3A07D5A1F2F10CF00D4E285 /* TRHotKey.swift */ = {isa = PBXFileReference; fileEncoding = 4; lastKnownFileType = sourcecode.swift; path = TRHotKey.swift; sourceTree = "<group>"; };
		C3A07D5C1F30380500D4E285 /* Logging.swift */ = {isa = PBXFileReference; fileEncoding = 4; lastKnownFileType = sourcecode.swift; path = Logging.swift; sourceTree = "<group>"; };
		C3A07D961F319A3C00D4E285 /* CGPoint.swift */ = {isa = PBXFileReference; fileEncoding = 4; lastKnownFileType = sourcecode.swift; path = CGPoint.swift; sourceTree = "<group>"; };
		C3A07D981F32F35400D4E285 /* TRWindowSizer.swift */ = {isa = PBXFileReference; fileEncoding = 4; lastKnownFileType = sourcecode.swift; path = TRWindowSizer.swift; sourceTree = "<group>"; };
		C3A07D9A1F32FCF900D4E285 /* TRWindowSize.swift */ = {isa = PBXFileReference; fileEncoding = 4; lastKnownFileType = sourcecode.swift; path = TRWindowSize.swift; sourceTree = "<group>"; };
		C3D8D3F31F29AD9200845A2E /* Spaces-Bridging-Header.h */ = {isa = PBXFileReference; lastKnownFileType = sourcecode.c.h; path = "Spaces-Bridging-Header.h"; sourceTree = "<group>"; };
		C3D8D4001F29B25F00845A2E /* TRManagerBase.swift */ = {isa = PBXFileReference; fileEncoding = 4; lastKnownFileType = sourcecode.swift; path = TRManagerBase.swift; sourceTree = "<group>"; };
		C3D8D4021F29C4EE00845A2E /* TRWindow.swift */ = {isa = PBXFileReference; fileEncoding = 4; lastKnownFileType = sourcecode.swift; path = TRWindow.swift; sourceTree = "<group>"; };
		C3D8D4041F29C69200845A2E /* TRApplication.swift */ = {isa = PBXFileReference; fileEncoding = 4; lastKnownFileType = sourcecode.swift; path = TRApplication.swift; sourceTree = "<group>"; };
/* End PBXFileReference section */

/* Begin PBXFrameworksBuildPhase section */
		C350B3901F286AD00008F0E2 /* Frameworks */ = {
			isa = PBXFrameworksBuildPhase;
			buildActionMask = 2147483647;
			files = (
				AE4A52369523218154EEB590 /* Pods_Spaces.framework in Frameworks */,
			);
			runOnlyForDeploymentPostprocessing = 0;
		};
		C350B3A11F286AD00008F0E2 /* Frameworks */ = {
			isa = PBXFrameworksBuildPhase;
			buildActionMask = 2147483647;
			files = (
				2DF4372DC378F199659448E0 /* Pods_SpacesTests.framework in Frameworks */,
			);
			runOnlyForDeploymentPostprocessing = 0;
		};
		C350B3AC1F286AD00008F0E2 /* Frameworks */ = {
			isa = PBXFrameworksBuildPhase;
			buildActionMask = 2147483647;
			files = (
				562C3443F0D3FA536B98C37B /* Pods_SpacesUITests.framework in Frameworks */,
			);
			runOnlyForDeploymentPostprocessing = 0;
		};
/* End PBXFrameworksBuildPhase section */

/* Begin PBXGroup section */
		8BB90DA4AECCBABEA896E997 /* Frameworks */ = {
			isa = PBXGroup;
			children = (
				9585383CF8E2857A14E5A626 /* Pods_Spaces.framework */,
				8A0D5DD28C3D3496C5652397 /* Pods_SpacesTests.framework */,
				C2CE2C3806872CB76FCC6C20 /* Pods_SpacesUITests.framework */,
			);
			name = Frameworks;
			sourceTree = "<group>";
		};
		C350B38A1F286AD00008F0E2 = {
			isa = PBXGroup;
			children = (
				C350B3951F286AD00008F0E2 /* Spaces */,
				C350B3A71F286AD00008F0E2 /* SpacesTests */,
				C350B3B21F286AD00008F0E2 /* SpacesUITests */,
				C350B3941F286AD00008F0E2 /* Products */,
				E6D511F28D124F556D79ECD6 /* Pods */,
				8BB90DA4AECCBABEA896E997 /* Frameworks */,
			);
			sourceTree = "<group>";
		};
		C350B3941F286AD00008F0E2 /* Products */ = {
			isa = PBXGroup;
			children = (
				C350B3931F286AD00008F0E2 /* Spaces.app */,
				C350B3A41F286AD00008F0E2 /* SpacesTests.xctest */,
				C350B3AF1F286AD00008F0E2 /* SpacesUITests.xctest */,
			);
			name = Products;
			sourceTree = "<group>";
		};
		C350B3951F286AD00008F0E2 /* Spaces */ = {
			isa = PBXGroup;
			children = (
				C3A07D5E1F30380C00D4E285 /* Utility */,
				C3A07D571F2F033A00D4E285 /* Extensions */,
				C38E876A1F286C2C0010BD4C /* Managers */,
				C350B3961F286AD00008F0E2 /* AppDelegate.swift */,
				C350B3981F286AD00008F0E2 /* ViewController.swift */,
				C350B39A1F286AD00008F0E2 /* Assets.xcassets */,
				C350B39C1F286AD00008F0E2 /* Main.storyboard */,
				C350B39F1F286AD00008F0E2 /* Info.plist */,
				C3D8D3F31F29AD9200845A2E /* Spaces-Bridging-Header.h */,
				C3D8D4021F29C4EE00845A2E /* TRWindow.swift */,
				C3D8D4041F29C69200845A2E /* TRApplication.swift */,
				C3A07D531F2E6AB000D4E285 /* GlobalEventsMonitor.swift */,
				C3A07D3A1F2C038900D4E285 /* TROverlayWindow.swift */,
				C3A07D5A1F2F10CF00D4E285 /* TRHotKey.swift */,
				C3A07D981F32F35400D4E285 /* TRWindowSizer.swift */,
				C3A07D9A1F32FCF900D4E285 /* TRWindowSize.swift */,
			);
			path = Spaces;
			sourceTree = "<group>";
		};
		C350B3A71F286AD00008F0E2 /* SpacesTests */ = {
			isa = PBXGroup;
			children = (
				C350B3A81F286AD00008F0E2 /* SpacesTests.swift */,
				C350B3AA1F286AD00008F0E2 /* Info.plist */,
			);
			path = SpacesTests;
			sourceTree = "<group>";
		};
		C350B3B21F286AD00008F0E2 /* SpacesUITests */ = {
			isa = PBXGroup;
			children = (
				C350B3B31F286AD00008F0E2 /* SpacesUITests.swift */,
				C350B3B51F286AD00008F0E2 /* Info.plist */,
			);
			path = SpacesUITests;
			sourceTree = "<group>";
		};
		C38E876A1F286C2C0010BD4C /* Managers */ = {
			isa = PBXGroup;
			children = (
				C38E876B1F286C480010BD4C /* TRWindowManager.swift */,
				C3D8D4001F29B25F00845A2E /* TRManagerBase.swift */,
				C377A983203BACBD001E2E6C /* TRHotkeyManager.swift */,
			);
			name = Managers;
			sourceTree = "<group>";
		};
		C3A07D571F2F033A00D4E285 /* Extensions */ = {
			isa = PBXGroup;
			children = (
				C3A07D551F2F033400D4E285 /* CGRect.swift */,
				C3A07D581F2F07B800D4E285 /* NSRect.swift */,
				C3A07D961F319A3C00D4E285 /* CGPoint.swift */,
			);
			name = Extensions;
			sourceTree = "<group>";
		};
		C3A07D5E1F30380C00D4E285 /* Utility */ = {
			isa = PBXGroup;
			children = (
				C3A07D5C1F30380500D4E285 /* Logging.swift */,
			);
			name = Utility;
			sourceTree = "<group>";
		};
		E6D511F28D124F556D79ECD6 /* Pods */ = {
			isa = PBXGroup;
			children = (
				245FC5B2669CDC3029F6F810 /* Pods-Spaces.debug.xcconfig */,
				10F78C715E604C3E31143070 /* Pods-Spaces.release.xcconfig */,
				358417ED2F968C61D23295D2 /* Pods-SpacesTests.debug.xcconfig */,
				4045B86067F54FB093DA46D5 /* Pods-SpacesTests.release.xcconfig */,
				A611B9BD48C3346647A73A79 /* Pods-SpacesUITests.debug.xcconfig */,
				992C82354648A7403B6A1317 /* Pods-SpacesUITests.release.xcconfig */,
			);
			name = Pods;
			sourceTree = "<group>";
		};
/* End PBXGroup section */

/* Begin PBXNativeTarget section */
		C350B3921F286AD00008F0E2 /* Spaces */ = {
			isa = PBXNativeTarget;
			buildConfigurationList = C350B3B81F286AD00008F0E2 /* Build configuration list for PBXNativeTarget "Spaces" */;
			buildPhases = (
				D55A4B2648A4D4001B67C9AD /* [CP] Check Pods Manifest.lock */,
				C350B38F1F286AD00008F0E2 /* Sources */,
				C350B3901F286AD00008F0E2 /* Frameworks */,
				C350B3911F286AD00008F0E2 /* Resources */,
				A9E6712678901B292F6A6801 /* [CP] Embed Pods Frameworks */,
				BCCD4080CC7A24FDF0CA0A11 /* [CP] Copy Pods Resources */,
			);
			buildRules = (
			);
			dependencies = (
			);
			name = Spaces;
			productName = Spaces;
			productReference = C350B3931F286AD00008F0E2 /* Spaces.app */;
			productType = "com.apple.product-type.application";
		};
		C350B3A31F286AD00008F0E2 /* SpacesTests */ = {
			isa = PBXNativeTarget;
			buildConfigurationList = C350B3BB1F286AD00008F0E2 /* Build configuration list for PBXNativeTarget "SpacesTests" */;
			buildPhases = (
				C53E6950EF2D1EC552EC773E /* [CP] Check Pods Manifest.lock */,
				C350B3A01F286AD00008F0E2 /* Sources */,
				C350B3A11F286AD00008F0E2 /* Frameworks */,
				C350B3A21F286AD00008F0E2 /* Resources */,
				E79A4AFB0C4D9A6F53BA9FFC /* [CP] Embed Pods Frameworks */,
				0E3C062AAD43E77A24769792 /* [CP] Copy Pods Resources */,
			);
			buildRules = (
			);
			dependencies = (
				C350B3A61F286AD00008F0E2 /* PBXTargetDependency */,
			);
			name = SpacesTests;
			productName = SpacesTests;
			productReference = C350B3A41F286AD00008F0E2 /* SpacesTests.xctest */;
			productType = "com.apple.product-type.bundle.unit-test";
		};
		C350B3AE1F286AD00008F0E2 /* SpacesUITests */ = {
			isa = PBXNativeTarget;
			buildConfigurationList = C350B3BE1F286AD00008F0E2 /* Build configuration list for PBXNativeTarget "SpacesUITests" */;
			buildPhases = (
				C576B01C6853A7B504E53BE5 /* [CP] Check Pods Manifest.lock */,
				C350B3AB1F286AD00008F0E2 /* Sources */,
				C350B3AC1F286AD00008F0E2 /* Frameworks */,
				C350B3AD1F286AD00008F0E2 /* Resources */,
				67CCDEEC233683988122A8A2 /* [CP] Embed Pods Frameworks */,
				61C3D05EB883ED7F635599D2 /* [CP] Copy Pods Resources */,
			);
			buildRules = (
			);
			dependencies = (
				C350B3B11F286AD00008F0E2 /* PBXTargetDependency */,
			);
			name = SpacesUITests;
			productName = SpacesUITests;
			productReference = C350B3AF1F286AD00008F0E2 /* SpacesUITests.xctest */;
			productType = "com.apple.product-type.bundle.ui-testing";
		};
/* End PBXNativeTarget section */

/* Begin PBXProject section */
		C350B38B1F286AD00008F0E2 /* Project object */ = {
			isa = PBXProject;
			attributes = {
				LastSwiftUpdateCheck = 0830;
				LastUpgradeCheck = 0920;
				ORGANIZATIONNAME = "Tyler Reardon";
				TargetAttributes = {
					C350B3921F286AD00008F0E2 = {
						CreatedOnToolsVersion = 8.3.3;
						DevelopmentTeam = F63F9F65P7;
						LastSwiftMigration = 0920;
						ProvisioningStyle = Automatic;
					};
					C350B3A31F286AD00008F0E2 = {
						CreatedOnToolsVersion = 8.3.3;
						DevelopmentTeam = F63F9F65P7;
						LastSwiftMigration = 0920;
						ProvisioningStyle = Automatic;
						TestTargetID = C350B3921F286AD00008F0E2;
					};
					C350B3AE1F286AD00008F0E2 = {
						CreatedOnToolsVersion = 8.3.3;
						DevelopmentTeam = F63F9F65P7;
						LastSwiftMigration = 0920;
						ProvisioningStyle = Automatic;
						TestTargetID = C350B3921F286AD00008F0E2;
					};
				};
			};
			buildConfigurationList = C350B38E1F286AD00008F0E2 /* Build configuration list for PBXProject "Spaces" */;
			compatibilityVersion = "Xcode 3.2";
			developmentRegion = English;
			hasScannedForEncodings = 0;
			knownRegions = (
				en,
				Base,
			);
			mainGroup = C350B38A1F286AD00008F0E2;
			productRefGroup = C350B3941F286AD00008F0E2 /* Products */;
			projectDirPath = "";
			projectRoot = "";
			targets = (
				C350B3921F286AD00008F0E2 /* Spaces */,
				C350B3A31F286AD00008F0E2 /* SpacesTests */,
				C350B3AE1F286AD00008F0E2 /* SpacesUITests */,
			);
		};
/* End PBXProject section */

/* Begin PBXResourcesBuildPhase section */
		C350B3911F286AD00008F0E2 /* Resources */ = {
			isa = PBXResourcesBuildPhase;
			buildActionMask = 2147483647;
			files = (
				C350B39B1F286AD00008F0E2 /* Assets.xcassets in Resources */,
				C350B39E1F286AD00008F0E2 /* Main.storyboard in Resources */,
			);
			runOnlyForDeploymentPostprocessing = 0;
		};
		C350B3A21F286AD00008F0E2 /* Resources */ = {
			isa = PBXResourcesBuildPhase;
			buildActionMask = 2147483647;
			files = (
			);
			runOnlyForDeploymentPostprocessing = 0;
		};
		C350B3AD1F286AD00008F0E2 /* Resources */ = {
			isa = PBXResourcesBuildPhase;
			buildActionMask = 2147483647;
			files = (
			);
			runOnlyForDeploymentPostprocessing = 0;
		};
/* End PBXResourcesBuildPhase section */

/* Begin PBXShellScriptBuildPhase section */
		0E3C062AAD43E77A24769792 /* [CP] Copy Pods Resources */ = {
			isa = PBXShellScriptBuildPhase;
			buildActionMask = 2147483647;
			files = (
			);
			inputPaths = (
			);
			name = "[CP] Copy Pods Resources";
			outputPaths = (
			);
			runOnlyForDeploymentPostprocessing = 0;
			shellPath = /bin/sh;
			shellScript = "\"${SRCROOT}/Pods/Target Support Files/Pods-SpacesTests/Pods-SpacesTests-resources.sh\"\n";
			showEnvVarsInLog = 0;
		};
		61C3D05EB883ED7F635599D2 /* [CP] Copy Pods Resources */ = {
			isa = PBXShellScriptBuildPhase;
			buildActionMask = 2147483647;
			files = (
			);
			inputPaths = (
			);
			name = "[CP] Copy Pods Resources";
			outputPaths = (
			);
			runOnlyForDeploymentPostprocessing = 0;
			shellPath = /bin/sh;
			shellScript = "\"${SRCROOT}/Pods/Target Support Files/Pods-SpacesUITests/Pods-SpacesUITests-resources.sh\"\n";
			showEnvVarsInLog = 0;
		};
		67CCDEEC233683988122A8A2 /* [CP] Embed Pods Frameworks */ = {
			isa = PBXShellScriptBuildPhase;
			buildActionMask = 2147483647;
			files = (
			);
			inputPaths = (
				"${SRCROOT}/Pods/Target Support Files/Pods-SpacesUITests/Pods-SpacesUITests-frameworks.sh",
				"${BUILT_PRODUCTS_DIR}/Nimble/Nimble.framework",
				"${BUILT_PRODUCTS_DIR}/Quick/Quick.framework",
			);
			name = "[CP] Embed Pods Frameworks";
			outputPaths = (
				"${TARGET_BUILD_DIR}/${FRAMEWORKS_FOLDER_PATH}/Nimble.framework",
				"${TARGET_BUILD_DIR}/${FRAMEWORKS_FOLDER_PATH}/Quick.framework",
			);
			runOnlyForDeploymentPostprocessing = 0;
			shellPath = /bin/sh;
			shellScript = "\"${SRCROOT}/Pods/Target Support Files/Pods-SpacesUITests/Pods-SpacesUITests-frameworks.sh\"\n";
			showEnvVarsInLog = 0;
		};
		A9E6712678901B292F6A6801 /* [CP] Embed Pods Frameworks */ = {
			isa = PBXShellScriptBuildPhase;
			buildActionMask = 2147483647;
			files = (
			);
			inputPaths = (
				"${SRCROOT}/Pods/Target Support Files/Pods-Spaces/Pods-Spaces-frameworks.sh",
				"${BUILT_PRODUCTS_DIR}/CCNLaunchAtLoginItem/CCNLaunchAtLoginItem.framework",
				"${BUILT_PRODUCTS_DIR}/CCNPreferencesWindowController/CCNPreferencesWindowController.framework",
				"${BUILT_PRODUCTS_DIR}/Cartography/Cartography.framework",
				"${BUILT_PRODUCTS_DIR}/Log/Log.framework",
				"${BUILT_PRODUCTS_DIR}/Magnet/Magnet.framework",
				"${BUILT_PRODUCTS_DIR}/RxCocoa/RxCocoa.framework",
				"${BUILT_PRODUCTS_DIR}/RxSwift/RxSwift.framework",
				"${BUILT_PRODUCTS_DIR}/RxSwiftExt/RxSwiftExt.framework",
				"${BUILT_PRODUCTS_DIR}/Silica/Silica.framework",
				"${PODS_ROOT}/Sparkle/Sparkle.framework",
				"${PODS_ROOT}/Sparkle/Sparkle.framework.dSYM",
				"${BUILT_PRODUCTS_DIR}/SwiftyJSON/SwiftyJSON.framework",
			);
			name = "[CP] Embed Pods Frameworks";
			outputPaths = (
				"${TARGET_BUILD_DIR}/${FRAMEWORKS_FOLDER_PATH}/CCNLaunchAtLoginItem.framework",
				"${TARGET_BUILD_DIR}/${FRAMEWORKS_FOLDER_PATH}/CCNPreferencesWindowController.framework",
				"${TARGET_BUILD_DIR}/${FRAMEWORKS_FOLDER_PATH}/Cartography.framework",
				"${TARGET_BUILD_DIR}/${FRAMEWORKS_FOLDER_PATH}/Log.framework",
				"${TARGET_BUILD_DIR}/${FRAMEWORKS_FOLDER_PATH}/Magnet.framework",
				"${TARGET_BUILD_DIR}/${FRAMEWORKS_FOLDER_PATH}/RxCocoa.framework",
				"${TARGET_BUILD_DIR}/${FRAMEWORKS_FOLDER_PATH}/RxSwift.framework",
				"${TARGET_BUILD_DIR}/${FRAMEWORKS_FOLDER_PATH}/RxSwiftExt.framework",
				"${TARGET_BUILD_DIR}/${FRAMEWORKS_FOLDER_PATH}/Silica.framework",
				"${TARGET_BUILD_DIR}/${FRAMEWORKS_FOLDER_PATH}/Sparkle.framework",
				"${DWARF_DSYM_FOLDER_PATH}/Sparkle.framework.dSYM",
				"${TARGET_BUILD_DIR}/${FRAMEWORKS_FOLDER_PATH}/SwiftyJSON.framework",
			);
			runOnlyForDeploymentPostprocessing = 0;
			shellPath = /bin/sh;
			shellScript = "\"${SRCROOT}/Pods/Target Support Files/Pods-Spaces/Pods-Spaces-frameworks.sh\"\n";
			showEnvVarsInLog = 0;
		};
		BCCD4080CC7A24FDF0CA0A11 /* [CP] Copy Pods Resources */ = {
			isa = PBXShellScriptBuildPhase;
			buildActionMask = 2147483647;
			files = (
			);
			inputPaths = (
			);
			name = "[CP] Copy Pods Resources";
			outputPaths = (
			);
			runOnlyForDeploymentPostprocessing = 0;
			shellPath = /bin/sh;
			shellScript = "\"${SRCROOT}/Pods/Target Support Files/Pods-Spaces/Pods-Spaces-resources.sh\"\n";
			showEnvVarsInLog = 0;
		};
		C53E6950EF2D1EC552EC773E /* [CP] Check Pods Manifest.lock */ = {
			isa = PBXShellScriptBuildPhase;
			buildActionMask = 2147483647;
			files = (
			);
			inputPaths = (
				"${PODS_PODFILE_DIR_PATH}/Podfile.lock",
				"${PODS_ROOT}/Manifest.lock",
			);
			name = "[CP] Check Pods Manifest.lock";
			outputPaths = (
				"$(DERIVED_FILE_DIR)/Pods-SpacesTests-checkManifestLockResult.txt",
			);
			runOnlyForDeploymentPostprocessing = 0;
			shellPath = /bin/sh;
			shellScript = "diff \"${PODS_PODFILE_DIR_PATH}/Podfile.lock\" \"${PODS_ROOT}/Manifest.lock\" > /dev/null\nif [ $? != 0 ] ; then\n    # print error to STDERR\n    echo \"error: The sandbox is not in sync with the Podfile.lock. Run 'pod install' or update your CocoaPods installation.\" >&2\n    exit 1\nfi\n# This output is used by Xcode 'outputs' to avoid re-running this script phase.\necho \"SUCCESS\" > \"${SCRIPT_OUTPUT_FILE_0}\"\n";
			showEnvVarsInLog = 0;
		};
		C576B01C6853A7B504E53BE5 /* [CP] Check Pods Manifest.lock */ = {
			isa = PBXShellScriptBuildPhase;
			buildActionMask = 2147483647;
			files = (
			);
			inputPaths = (
				"${PODS_PODFILE_DIR_PATH}/Podfile.lock",
				"${PODS_ROOT}/Manifest.lock",
			);
			name = "[CP] Check Pods Manifest.lock";
			outputPaths = (
				"$(DERIVED_FILE_DIR)/Pods-SpacesUITests-checkManifestLockResult.txt",
			);
			runOnlyForDeploymentPostprocessing = 0;
			shellPath = /bin/sh;
			shellScript = "diff \"${PODS_PODFILE_DIR_PATH}/Podfile.lock\" \"${PODS_ROOT}/Manifest.lock\" > /dev/null\nif [ $? != 0 ] ; then\n    # print error to STDERR\n    echo \"error: The sandbox is not in sync with the Podfile.lock. Run 'pod install' or update your CocoaPods installation.\" >&2\n    exit 1\nfi\n# This output is used by Xcode 'outputs' to avoid re-running this script phase.\necho \"SUCCESS\" > \"${SCRIPT_OUTPUT_FILE_0}\"\n";
			showEnvVarsInLog = 0;
		};
		D55A4B2648A4D4001B67C9AD /* [CP] Check Pods Manifest.lock */ = {
			isa = PBXShellScriptBuildPhase;
			buildActionMask = 2147483647;
			files = (
			);
			inputPaths = (
				"${PODS_PODFILE_DIR_PATH}/Podfile.lock",
				"${PODS_ROOT}/Manifest.lock",
			);
			name = "[CP] Check Pods Manifest.lock";
			outputPaths = (
				"$(DERIVED_FILE_DIR)/Pods-Spaces-checkManifestLockResult.txt",
			);
			runOnlyForDeploymentPostprocessing = 0;
			shellPath = /bin/sh;
			shellScript = "diff \"${PODS_PODFILE_DIR_PATH}/Podfile.lock\" \"${PODS_ROOT}/Manifest.lock\" > /dev/null\nif [ $? != 0 ] ; then\n    # print error to STDERR\n    echo \"error: The sandbox is not in sync with the Podfile.lock. Run 'pod install' or update your CocoaPods installation.\" >&2\n    exit 1\nfi\n# This output is used by Xcode 'outputs' to avoid re-running this script phase.\necho \"SUCCESS\" > \"${SCRIPT_OUTPUT_FILE_0}\"\n";
			showEnvVarsInLog = 0;
		};
		E79A4AFB0C4D9A6F53BA9FFC /* [CP] Embed Pods Frameworks */ = {
			isa = PBXShellScriptBuildPhase;
			buildActionMask = 2147483647;
			files = (
			);
			inputPaths = (
			);
			name = "[CP] Embed Pods Frameworks";
			outputPaths = (
			);
			runOnlyForDeploymentPostprocessing = 0;
			shellPath = /bin/sh;
			shellScript = "\"${SRCROOT}/Pods/Target Support Files/Pods-SpacesTests/Pods-SpacesTests-frameworks.sh\"\n";
			showEnvVarsInLog = 0;
		};
/* End PBXShellScriptBuildPhase section */

/* Begin PBXSourcesBuildPhase section */
		C350B38F1F286AD00008F0E2 /* Sources */ = {
			isa = PBXSourcesBuildPhase;
			buildActionMask = 2147483647;
			files = (
				C3A07D3B1F2C038900D4E285 /* TROverlayWindow.swift in Sources */,
				C3D8D4011F29B25F00845A2E /* TRManagerBase.swift in Sources */,
				C350B3991F286AD00008F0E2 /* ViewController.swift in Sources */,
				C3A07D541F2E6AB000D4E285 /* GlobalEventsMonitor.swift in Sources */,
				C350B3971F286AD00008F0E2 /* AppDelegate.swift in Sources */,
				C377A984203BACBD001E2E6C /* TRHotkeyManager.swift in Sources */,
				C3A07D991F32F35400D4E285 /* TRWindowSizer.swift in Sources */,
				C38E876C1F286C480010BD4C /* TRWindowManager.swift in Sources */,
				C3A07D9B1F32FCF900D4E285 /* TRWindowSize.swift in Sources */,
				C3A07D561F2F033400D4E285 /* CGRect.swift in Sources */,
				C3A07D971F319A3C00D4E285 /* CGPoint.swift in Sources */,
				C3A07D5D1F30380500D4E285 /* Logging.swift in Sources */,
				C3A07D591F2F07B800D4E285 /* NSRect.swift in Sources */,
				C3D8D4051F29C69200845A2E /* TRApplication.swift in Sources */,
				C3D8D4031F29C4EE00845A2E /* TRWindow.swift in Sources */,
				C3A07D5B1F2F10CF00D4E285 /* TRHotKey.swift in Sources */,
			);
			runOnlyForDeploymentPostprocessing = 0;
		};
		C350B3A01F286AD00008F0E2 /* Sources */ = {
			isa = PBXSourcesBuildPhase;
			buildActionMask = 2147483647;
			files = (
				C350B3A91F286AD00008F0E2 /* SpacesTests.swift in Sources */,
			);
			runOnlyForDeploymentPostprocessing = 0;
		};
		C350B3AB1F286AD00008F0E2 /* Sources */ = {
			isa = PBXSourcesBuildPhase;
			buildActionMask = 2147483647;
			files = (
				C350B3B41F286AD00008F0E2 /* SpacesUITests.swift in Sources */,
			);
			runOnlyForDeploymentPostprocessing = 0;
		};
/* End PBXSourcesBuildPhase section */

/* Begin PBXTargetDependency section */
		C350B3A61F286AD00008F0E2 /* PBXTargetDependency */ = {
			isa = PBXTargetDependency;
			target = C350B3921F286AD00008F0E2 /* Spaces */;
			targetProxy = C350B3A51F286AD00008F0E2 /* PBXContainerItemProxy */;
		};
		C350B3B11F286AD00008F0E2 /* PBXTargetDependency */ = {
			isa = PBXTargetDependency;
			target = C350B3921F286AD00008F0E2 /* Spaces */;
			targetProxy = C350B3B01F286AD00008F0E2 /* PBXContainerItemProxy */;
		};
/* End PBXTargetDependency section */

/* Begin PBXVariantGroup section */
		C350B39C1F286AD00008F0E2 /* Main.storyboard */ = {
			isa = PBXVariantGroup;
			children = (
				C350B39D1F286AD00008F0E2 /* Base */,
			);
			name = Main.storyboard;
			sourceTree = "<group>";
		};
/* End PBXVariantGroup section */

/* Begin XCBuildConfiguration section */
		C350B3B61F286AD00008F0E2 /* Debug */ = {
			isa = XCBuildConfiguration;
			buildSettings = {
				ALWAYS_SEARCH_USER_PATHS = NO;
				CLANG_ANALYZER_NONNULL = YES;
				CLANG_ANALYZER_NUMBER_OBJECT_CONVERSION = YES_AGGRESSIVE;
				CLANG_CXX_LANGUAGE_STANDARD = "gnu++0x";
				CLANG_CXX_LIBRARY = "libc++";
				CLANG_ENABLE_MODULES = YES;
				CLANG_ENABLE_OBJC_ARC = YES;
				CLANG_WARN_BLOCK_CAPTURE_AUTORELEASING = YES;
				CLANG_WARN_BOOL_CONVERSION = YES;
				CLANG_WARN_COMMA = YES;
				CLANG_WARN_CONSTANT_CONVERSION = YES;
				CLANG_WARN_DIRECT_OBJC_ISA_USAGE = YES_ERROR;
				CLANG_WARN_DOCUMENTATION_COMMENTS = YES;
				CLANG_WARN_EMPTY_BODY = YES;
				CLANG_WARN_ENUM_CONVERSION = YES;
				CLANG_WARN_INFINITE_RECURSION = YES;
				CLANG_WARN_INT_CONVERSION = YES;
				CLANG_WARN_NON_LITERAL_NULL_CONVERSION = YES;
				CLANG_WARN_OBJC_LITERAL_CONVERSION = YES;
				CLANG_WARN_OBJC_ROOT_CLASS = YES_ERROR;
				CLANG_WARN_RANGE_LOOP_ANALYSIS = YES;
				CLANG_WARN_STRICT_PROTOTYPES = YES;
				CLANG_WARN_SUSPICIOUS_MOVE = YES;
				CLANG_WARN_UNREACHABLE_CODE = YES;
				CLANG_WARN__DUPLICATE_METHOD_MATCH = YES;
				CODE_SIGN_IDENTITY = "-";
				COPY_PHASE_STRIP = NO;
				DEBUG_INFORMATION_FORMAT = dwarf;
				ENABLE_STRICT_OBJC_MSGSEND = YES;
				ENABLE_TESTABILITY = YES;
				GCC_C_LANGUAGE_STANDARD = gnu99;
				GCC_DYNAMIC_NO_PIC = NO;
				GCC_NO_COMMON_BLOCKS = YES;
				GCC_OPTIMIZATION_LEVEL = 0;
				GCC_PREPROCESSOR_DEFINITIONS = (
					"DEBUG=1",
					"$(inherited)",
				);
				GCC_WARN_64_TO_32_BIT_CONVERSION = YES;
				GCC_WARN_ABOUT_RETURN_TYPE = YES_ERROR;
				GCC_WARN_UNDECLARED_SELECTOR = YES;
				GCC_WARN_UNINITIALIZED_AUTOS = YES_AGGRESSIVE;
				GCC_WARN_UNUSED_FUNCTION = YES;
				GCC_WARN_UNUSED_VARIABLE = YES;
				MACOSX_DEPLOYMENT_TARGET = 10.12;
				MTL_ENABLE_DEBUG_INFO = YES;
				ONLY_ACTIVE_ARCH = YES;
				SDKROOT = macosx;
				SWIFT_ACTIVE_COMPILATION_CONDITIONS = DEBUG;
				SWIFT_OPTIMIZATION_LEVEL = "-Onone";
			};
			name = Debug;
		};
		C350B3B71F286AD00008F0E2 /* Release */ = {
			isa = XCBuildConfiguration;
			buildSettings = {
				ALWAYS_SEARCH_USER_PATHS = NO;
				CLANG_ANALYZER_NONNULL = YES;
				CLANG_ANALYZER_NUMBER_OBJECT_CONVERSION = YES_AGGRESSIVE;
				CLANG_CXX_LANGUAGE_STANDARD = "gnu++0x";
				CLANG_CXX_LIBRARY = "libc++";
				CLANG_ENABLE_MODULES = YES;
				CLANG_ENABLE_OBJC_ARC = YES;
				CLANG_WARN_BLOCK_CAPTURE_AUTORELEASING = YES;
				CLANG_WARN_BOOL_CONVERSION = YES;
				CLANG_WARN_COMMA = YES;
				CLANG_WARN_CONSTANT_CONVERSION = YES;
				CLANG_WARN_DIRECT_OBJC_ISA_USAGE = YES_ERROR;
				CLANG_WARN_DOCUMENTATION_COMMENTS = YES;
				CLANG_WARN_EMPTY_BODY = YES;
				CLANG_WARN_ENUM_CONVERSION = YES;
				CLANG_WARN_INFINITE_RECURSION = YES;
				CLANG_WARN_INT_CONVERSION = YES;
				CLANG_WARN_NON_LITERAL_NULL_CONVERSION = YES;
				CLANG_WARN_OBJC_LITERAL_CONVERSION = YES;
				CLANG_WARN_OBJC_ROOT_CLASS = YES_ERROR;
				CLANG_WARN_RANGE_LOOP_ANALYSIS = YES;
				CLANG_WARN_STRICT_PROTOTYPES = YES;
				CLANG_WARN_SUSPICIOUS_MOVE = YES;
				CLANG_WARN_UNREACHABLE_CODE = YES;
				CLANG_WARN__DUPLICATE_METHOD_MATCH = YES;
				CODE_SIGN_IDENTITY = "-";
				COPY_PHASE_STRIP = NO;
				DEBUG_INFORMATION_FORMAT = "dwarf-with-dsym";
				ENABLE_NS_ASSERTIONS = NO;
				ENABLE_STRICT_OBJC_MSGSEND = YES;
				GCC_C_LANGUAGE_STANDARD = gnu99;
				GCC_NO_COMMON_BLOCKS = YES;
				GCC_WARN_64_TO_32_BIT_CONVERSION = YES;
				GCC_WARN_ABOUT_RETURN_TYPE = YES_ERROR;
				GCC_WARN_UNDECLARED_SELECTOR = YES;
				GCC_WARN_UNINITIALIZED_AUTOS = YES_AGGRESSIVE;
				GCC_WARN_UNUSED_FUNCTION = YES;
				GCC_WARN_UNUSED_VARIABLE = YES;
				MACOSX_DEPLOYMENT_TARGET = 10.12;
				MTL_ENABLE_DEBUG_INFO = NO;
				SDKROOT = macosx;
				SWIFT_OPTIMIZATION_LEVEL = "-Owholemodule";
			};
			name = Release;
		};
		C350B3B91F286AD00008F0E2 /* Debug */ = {
			isa = XCBuildConfiguration;
			baseConfigurationReference = 245FC5B2669CDC3029F6F810 /* Pods-Spaces.debug.xcconfig */;
			buildSettings = {
				ALWAYS_EMBED_SWIFT_STANDARD_LIBRARIES = YES;
				ASSETCATALOG_COMPILER_APPICON_NAME = AppIcon;
				CLANG_ENABLE_MODULES = YES;
				COMBINE_HIDPI_IMAGES = YES;
				DEVELOPMENT_TEAM = F63F9F65P7;
				INFOPLIST_FILE = Spaces/Info.plist;
				LD_RUNPATH_SEARCH_PATHS = "$(inherited) @executable_path/../Frameworks";
				PRODUCT_BUNDLE_IDENTIFIER = com.rockrabbit.Spaces;
				PRODUCT_NAME = "$(TARGET_NAME)";
				SWIFT_OBJC_BRIDGING_HEADER = "Spaces/Spaces-Bridging-Header.h";
				SWIFT_OPTIMIZATION_LEVEL = "-Onone";
				SWIFT_SWIFT3_OBJC_INFERENCE = On;
				SWIFT_VERSION = 4.0;
			};
			name = Debug;
		};
		C350B3BA1F286AD00008F0E2 /* Release */ = {
			isa = XCBuildConfiguration;
			baseConfigurationReference = 10F78C715E604C3E31143070 /* Pods-Spaces.release.xcconfig */;
			buildSettings = {
				ALWAYS_EMBED_SWIFT_STANDARD_LIBRARIES = YES;
				ASSETCATALOG_COMPILER_APPICON_NAME = AppIcon;
				CLANG_ENABLE_MODULES = YES;
				COMBINE_HIDPI_IMAGES = YES;
				DEVELOPMENT_TEAM = F63F9F65P7;
				INFOPLIST_FILE = Spaces/Info.plist;
				LD_RUNPATH_SEARCH_PATHS = "$(inherited) @executable_path/../Frameworks";
				PRODUCT_BUNDLE_IDENTIFIER = com.rockrabbit.Spaces;
				PRODUCT_NAME = "$(TARGET_NAME)";
				SWIFT_OBJC_BRIDGING_HEADER = "Spaces/Spaces-Bridging-Header.h";
				SWIFT_SWIFT3_OBJC_INFERENCE = On;
				SWIFT_VERSION = 4.0;
			};
			name = Release;
		};
		C350B3BC1F286AD00008F0E2 /* Debug */ = {
			isa = XCBuildConfiguration;
			baseConfigurationReference = 358417ED2F968C61D23295D2 /* Pods-SpacesTests.debug.xcconfig */;
			buildSettings = {
				ALWAYS_EMBED_SWIFT_STANDARD_LIBRARIES = YES;
				BUNDLE_LOADER = "$(TEST_HOST)";
				COMBINE_HIDPI_IMAGES = YES;
				DEVELOPMENT_TEAM = F63F9F65P7;
				INFOPLIST_FILE = SpacesTests/Info.plist;
				LD_RUNPATH_SEARCH_PATHS = "$(inherited) @executable_path/../Frameworks @loader_path/../Frameworks";
				PRODUCT_BUNDLE_IDENTIFIER = com.rockrabbit.SpacesTests;
				PRODUCT_NAME = "$(TARGET_NAME)";
				SWIFT_SWIFT3_OBJC_INFERENCE = On;
				SWIFT_VERSION = 4.0;
				TEST_HOST = "$(BUILT_PRODUCTS_DIR)/Spaces.app/Contents/MacOS/Spaces";
			};
			name = Debug;
		};
		C350B3BD1F286AD00008F0E2 /* Release */ = {
			isa = XCBuildConfiguration;
			baseConfigurationReference = 4045B86067F54FB093DA46D5 /* Pods-SpacesTests.release.xcconfig */;
			buildSettings = {
				ALWAYS_EMBED_SWIFT_STANDARD_LIBRARIES = YES;
				BUNDLE_LOADER = "$(TEST_HOST)";
				COMBINE_HIDPI_IMAGES = YES;
				DEVELOPMENT_TEAM = F63F9F65P7;
				INFOPLIST_FILE = SpacesTests/Info.plist;
				LD_RUNPATH_SEARCH_PATHS = "$(inherited) @executable_path/../Frameworks @loader_path/../Frameworks";
				PRODUCT_BUNDLE_IDENTIFIER = com.rockrabbit.SpacesTests;
				PRODUCT_NAME = "$(TARGET_NAME)";
				SWIFT_SWIFT3_OBJC_INFERENCE = On;
				SWIFT_VERSION = 4.0;
				TEST_HOST = "$(BUILT_PRODUCTS_DIR)/Spaces.app/Contents/MacOS/Spaces";
			};
			name = Release;
		};
		C350B3BF1F286AD00008F0E2 /* Debug */ = {
			isa = XCBuildConfiguration;
			baseConfigurationReference = A611B9BD48C3346647A73A79 /* Pods-SpacesUITests.debug.xcconfig */;
			buildSettings = {
				ALWAYS_EMBED_SWIFT_STANDARD_LIBRARIES = YES;
				COMBINE_HIDPI_IMAGES = YES;
				DEVELOPMENT_TEAM = F63F9F65P7;
				INFOPLIST_FILE = SpacesUITests/Info.plist;
				LD_RUNPATH_SEARCH_PATHS = "$(inherited) @executable_path/../Frameworks @loader_path/../Frameworks";
				PRODUCT_BUNDLE_IDENTIFIER = com.rockrabbit.SpacesUITests;
				PRODUCT_NAME = "$(TARGET_NAME)";
				SWIFT_SWIFT3_OBJC_INFERENCE = On;
				SWIFT_VERSION = 4.0;
				TEST_TARGET_NAME = Spaces;
			};
			name = Debug;
		};
		C350B3C01F286AD00008F0E2 /* Release */ = {
			isa = XCBuildConfiguration;
			baseConfigurationReference = 992C82354648A7403B6A1317 /* Pods-SpacesUITests.release.xcconfig */;
			buildSettings = {
				ALWAYS_EMBED_SWIFT_STANDARD_LIBRARIES = YES;
				COMBINE_HIDPI_IMAGES = YES;
				DEVELOPMENT_TEAM = F63F9F65P7;
				INFOPLIST_FILE = SpacesUITests/Info.plist;
				LD_RUNPATH_SEARCH_PATHS = "$(inherited) @executable_path/../Frameworks @loader_path/../Frameworks";
				PRODUCT_BUNDLE_IDENTIFIER = com.rockrabbit.SpacesUITests;
				PRODUCT_NAME = "$(TARGET_NAME)";
				SWIFT_SWIFT3_OBJC_INFERENCE = On;
				SWIFT_VERSION = 4.0;
				TEST_TARGET_NAME = Spaces;
			};
			name = Release;
		};
/* End XCBuildConfiguration section */

/* Begin XCConfigurationList section */
		C350B38E1F286AD00008F0E2 /* Build configuration list for PBXProject "Spaces" */ = {
			isa = XCConfigurationList;
			buildConfigurations = (
				C350B3B61F286AD00008F0E2 /* Debug */,
				C350B3B71F286AD00008F0E2 /* Release */,
			);
			defaultConfigurationIsVisible = 0;
			defaultConfigurationName = Release;
		};
		C350B3B81F286AD00008F0E2 /* Build configuration list for PBXNativeTarget "Spaces" */ = {
			isa = XCConfigurationList;
			buildConfigurations = (
				C350B3B91F286AD00008F0E2 /* Debug */,
				C350B3BA1F286AD00008F0E2 /* Release */,
			);
			defaultConfigurationIsVisible = 0;
			defaultConfigurationName = Release;
		};
		C350B3BB1F286AD00008F0E2 /* Build configuration list for PBXNativeTarget "SpacesTests" */ = {
			isa = XCConfigurationList;
			buildConfigurations = (
				C350B3BC1F286AD00008F0E2 /* Debug */,
				C350B3BD1F286AD00008F0E2 /* Release */,
			);
			defaultConfigurationIsVisible = 0;
			defaultConfigurationName = Release;
		};
		C350B3BE1F286AD00008F0E2 /* Build configuration list for PBXNativeTarget "SpacesUITests" */ = {
			isa = XCConfigurationList;
			buildConfigurations = (
				C350B3BF1F286AD00008F0E2 /* Debug */,
				C350B3C01F286AD00008F0E2 /* Release */,
			);
			defaultConfigurationIsVisible = 0;
			defaultConfigurationName = Release;
		};
/* End XCConfigurationList section */
	};
	rootObject = C350B38B1F286AD00008F0E2 /* Project object */;
}
