// !$*UTF8*$!
{
	archiveVersion = 1;
	classes = {
	};
	objectVersion = 48;
	objects = {

/* Begin PBXBuildFile section */
		C368290D203B737A00E66FEF /* AppDelegate.swift in Sources */ = {isa = PBXBuildFile; fileRef = C368290C203B737A00E66FEF /* AppDelegate.swift */; };
		C368290F203B737A00E66FEF /* ViewController.swift in Sources */ = {isa = PBXBuildFile; fileRef = C368290E203B737A00E66FEF /* ViewController.swift */; };
		C3682912203B737A00E66FEF /* Main.storyboard in Resources */ = {isa = PBXBuildFile; fileRef = C3682910203B737A00E66FEF /* Main.storyboard */; };
		C3682914203B737A00E66FEF /* Assets.xcassets in Resources */ = {isa = PBXBuildFile; fileRef = C3682913203B737A00E66FEF /* Assets.xcassets */; };
		C3682917203B737A00E66FEF /* LaunchScreen.storyboard in Resources */ = {isa = PBXBuildFile; fileRef = C3682915203B737A00E66FEF /* LaunchScreen.storyboard */; };
		C3682922203B737B00E66FEF /* WorkSpaceTests.swift in Sources */ = {isa = PBXBuildFile; fileRef = C3682921203B737B00E66FEF /* WorkSpaceTests.swift */; };
		C368292D203B737B00E66FEF /* WorkSpaceUITests.swift in Sources */ = {isa = PBXBuildFile; fileRef = C368292C203B737B00E66FEF /* WorkSpaceUITests.swift */; };
/* End PBXBuildFile section */

/* Begin PBXContainerItemProxy section */
		C368291E203B737B00E66FEF /* PBXContainerItemProxy */ = {
			isa = PBXContainerItemProxy;
			containerPortal = C3682901203B737A00E66FEF /* Project object */;
			proxyType = 1;
			remoteGlobalIDString = C3682908203B737A00E66FEF;
			remoteInfo = WorkSpace;
		};
		C3682929203B737B00E66FEF /* PBXContainerItemProxy */ = {
			isa = PBXContainerItemProxy;
			containerPortal = C3682901203B737A00E66FEF /* Project object */;
			proxyType = 1;
			remoteGlobalIDString = C3682908203B737A00E66FEF;
			remoteInfo = WorkSpace;
		};
/* End PBXContainerItemProxy section */

/* Begin PBXFileReference section */
		C3682909203B737A00E66FEF /* WorkSpace.app */ = {isa = PBXFileReference; explicitFileType = wrapper.application; includeInIndex = 0; path = WorkSpace.app; sourceTree = BUILT_PRODUCTS_DIR; };
		C368290C203B737A00E66FEF /* AppDelegate.swift */ = {isa = PBXFileReference; lastKnownFileType = sourcecode.swift; path = AppDelegate.swift; sourceTree = "<group>"; };
		C368290E203B737A00E66FEF /* ViewController.swift */ = {isa = PBXFileReference; lastKnownFileType = sourcecode.swift; path = ViewController.swift; sourceTree = "<group>"; };
		C3682911203B737A00E66FEF /* Base */ = {isa = PBXFileReference; lastKnownFileType = file.storyboard; name = Base; path = Base.lproj/Main.storyboard; sourceTree = "<group>"; };
		C3682913203B737A00E66FEF /* Assets.xcassets */ = {isa = PBXFileReference; lastKnownFileType = folder.assetcatalog; path = Assets.xcassets; sourceTree = "<group>"; };
		C3682916203B737A00E66FEF /* Base */ = {isa = PBXFileReference; lastKnownFileType = file.storyboard; name = Base; path = Base.lproj/LaunchScreen.storyboard; sourceTree = "<group>"; };
		C3682918203B737A00E66FEF /* Info.plist */ = {isa = PBXFileReference; lastKnownFileType = text.plist.xml; path = Info.plist; sourceTree = "<group>"; };
		C368291D203B737B00E66FEF /* WorkSpaceTests.xctest */ = {isa = PBXFileReference; explicitFileType = wrapper.cfbundle; includeInIndex = 0; path = WorkSpaceTests.xctest; sourceTree = BUILT_PRODUCTS_DIR; };
		C3682921203B737B00E66FEF /* WorkSpaceTests.swift */ = {isa = PBXFileReference; lastKnownFileType = sourcecode.swift; path = WorkSpaceTests.swift; sourceTree = "<group>"; };
		C3682923203B737B00E66FEF /* Info.plist */ = {isa = PBXFileReference; lastKnownFileType = text.plist.xml; path = Info.plist; sourceTree = "<group>"; };
		C3682928203B737B00E66FEF /* WorkSpaceUITests.xctest */ = {isa = PBXFileReference; explicitFileType = wrapper.cfbundle; includeInIndex = 0; path = WorkSpaceUITests.xctest; sourceTree = BUILT_PRODUCTS_DIR; };
		C368292C203B737B00E66FEF /* WorkSpaceUITests.swift */ = {isa = PBXFileReference; lastKnownFileType = sourcecode.swift; path = WorkSpaceUITests.swift; sourceTree = "<group>"; };
		C368292E203B737B00E66FEF /* Info.plist */ = {isa = PBXFileReference; lastKnownFileType = text.plist.xml; path = Info.plist; sourceTree = "<group>"; };
/* End PBXFileReference section */

/* Begin PBXFrameworksBuildPhase section */
		C3682906203B737A00E66FEF /* Frameworks */ = {
			isa = PBXFrameworksBuildPhase;
			buildActionMask = 2147483647;
			files = (
			);
			runOnlyForDeploymentPostprocessing = 0;
		};
		C368291A203B737B00E66FEF /* Frameworks */ = {
			isa = PBXFrameworksBuildPhase;
			buildActionMask = 2147483647;
			files = (
			);
			runOnlyForDeploymentPostprocessing = 0;
		};
		C3682925203B737B00E66FEF /* Frameworks */ = {
			isa = PBXFrameworksBuildPhase;
			buildActionMask = 2147483647;
			files = (
			);
			runOnlyForDeploymentPostprocessing = 0;
		};
/* End PBXFrameworksBuildPhase section */

/* Begin PBXGroup section */
		C3682900203B737A00E66FEF = {
			isa = PBXGroup;
			children = (
				C368290B203B737A00E66FEF /* WorkSpace */,
				C3682920203B737B00E66FEF /* WorkSpaceTests */,
				C368292B203B737B00E66FEF /* WorkSpaceUITests */,
				C368290A203B737A00E66FEF /* Products */,
			);
			sourceTree = "<group>";
		};
		C368290A203B737A00E66FEF /* Products */ = {
			isa = PBXGroup;
			children = (
				C3682909203B737A00E66FEF /* WorkSpace.app */,
				C368291D203B737B00E66FEF /* WorkSpaceTests.xctest */,
				C3682928203B737B00E66FEF /* WorkSpaceUITests.xctest */,
			);
			name = Products;
			sourceTree = "<group>";
		};
		C368290B203B737A00E66FEF /* WorkSpace */ = {
			isa = PBXGroup;
			children = (
				C368290C203B737A00E66FEF /* AppDelegate.swift */,
				C368290E203B737A00E66FEF /* ViewController.swift */,
				C3682910203B737A00E66FEF /* Main.storyboard */,
				C3682913203B737A00E66FEF /* Assets.xcassets */,
				C3682915203B737A00E66FEF /* LaunchScreen.storyboard */,
				C3682918203B737A00E66FEF /* Info.plist */,
			);
			path = WorkSpace;
			sourceTree = "<group>";
		};
		C3682920203B737B00E66FEF /* WorkSpaceTests */ = {
			isa = PBXGroup;
			children = (
				C3682921203B737B00E66FEF /* WorkSpaceTests.swift */,
				C3682923203B737B00E66FEF /* Info.plist */,
			);
			path = WorkSpaceTests;
			sourceTree = "<group>";
		};
		C368292B203B737B00E66FEF /* WorkSpaceUITests */ = {
			isa = PBXGroup;
			children = (
				C368292C203B737B00E66FEF /* WorkSpaceUITests.swift */,
				C368292E203B737B00E66FEF /* Info.plist */,
			);
			path = WorkSpaceUITests;
			sourceTree = "<group>";
		};
/* End PBXGroup section */

/* Begin PBXNativeTarget section */
		C3682908203B737A00E66FEF /* WorkSpace */ = {
			isa = PBXNativeTarget;
			buildConfigurationList = C3682931203B737B00E66FEF /* Build configuration list for PBXNativeTarget "WorkSpace" */;
			buildPhases = (
				C3682905203B737A00E66FEF /* Sources */,
				C3682906203B737A00E66FEF /* Frameworks */,
				C3682907203B737A00E66FEF /* Resources */,
			);
			buildRules = (
			);
			dependencies = (
			);
			name = WorkSpace;
			productName = WorkSpace;
			productReference = C3682909203B737A00E66FEF /* WorkSpace.app */;
			productType = "com.apple.product-type.application";
		};
		C368291C203B737B00E66FEF /* WorkSpaceTests */ = {
			isa = PBXNativeTarget;
			buildConfigurationList = C3682934203B737B00E66FEF /* Build configuration list for PBXNativeTarget "WorkSpaceTests" */;
			buildPhases = (
				C3682919203B737B00E66FEF /* Sources */,
				C368291A203B737B00E66FEF /* Frameworks */,
				C368291B203B737B00E66FEF /* Resources */,
			);
			buildRules = (
			);
			dependencies = (
				C368291F203B737B00E66FEF /* PBXTargetDependency */,
			);
			name = WorkSpaceTests;
			productName = WorkSpaceTests;
			productReference = C368291D203B737B00E66FEF /* WorkSpaceTests.xctest */;
			productType = "com.apple.product-type.bundle.unit-test";
		};
		C3682927203B737B00E66FEF /* WorkSpaceUITests */ = {
			isa = PBXNativeTarget;
			buildConfigurationList = C3682937203B737B00E66FEF /* Build configuration list for PBXNativeTarget "WorkSpaceUITests" */;
			buildPhases = (
				C3682924203B737B00E66FEF /* Sources */,
				C3682925203B737B00E66FEF /* Frameworks */,
				C3682926203B737B00E66FEF /* Resources */,
			);
			buildRules = (
			);
			dependencies = (
				C368292A203B737B00E66FEF /* PBXTargetDependency */,
			);
			name = WorkSpaceUITests;
			productName = WorkSpaceUITests;
			productReference = C3682928203B737B00E66FEF /* WorkSpaceUITests.xctest */;
			productType = "com.apple.product-type.bundle.ui-testing";
		};
/* End PBXNativeTarget section */

/* Begin PBXProject section */
		C3682901203B737A00E66FEF /* Project object */ = {
			isa = PBXProject;
			attributes = {
				LastSwiftUpdateCheck = 0920;
				LastUpgradeCheck = 0920;
				ORGANIZATIONNAME = "Tyler Reardon";
				TargetAttributes = {
					C3682908203B737A00E66FEF = {
						CreatedOnToolsVersion = 9.2;
						ProvisioningStyle = Automatic;
					};
					C368291C203B737B00E66FEF = {
						CreatedOnToolsVersion = 9.2;
						ProvisioningStyle = Automatic;
						TestTargetID = C3682908203B737A00E66FEF;
					};
					C3682927203B737B00E66FEF = {
						CreatedOnToolsVersion = 9.2;
						ProvisioningStyle = Automatic;
						TestTargetID = C3682908203B737A00E66FEF;
					};
				};
			};
			buildConfigurationList = C3682904203B737A00E66FEF /* Build configuration list for PBXProject "WorkSpace" */;
			compatibilityVersion = "Xcode 8.0";
			developmentRegion = en;
			hasScannedForEncodings = 0;
			knownRegions = (
				en,
				Base,
			);
			mainGroup = C3682900203B737A00E66FEF;
			productRefGroup = C368290A203B737A00E66FEF /* Products */;
			projectDirPath = "";
			projectRoot = "";
			targets = (
				C3682908203B737A00E66FEF /* WorkSpace */,
				C368291C203B737B00E66FEF /* WorkSpaceTests */,
				C3682927203B737B00E66FEF /* WorkSpaceUITests */,
			);
		};
/* End PBXProject section */

/* Begin PBXResourcesBuildPhase section */
		C3682907203B737A00E66FEF /* Resources */ = {
			isa = PBXResourcesBuildPhase;
			buildActionMask = 2147483647;
			files = (
				C3682917203B737A00E66FEF /* LaunchScreen.storyboard in Resources */,
				C3682914203B737A00E66FEF /* Assets.xcassets in Resources */,
				C3682912203B737A00E66FEF /* Main.storyboard in Resources */,
			);
			runOnlyForDeploymentPostprocessing = 0;
		};
		C368291B203B737B00E66FEF /* Resources */ = {
			isa = PBXResourcesBuildPhase;
			buildActionMask = 2147483647;
			files = (
			);
			runOnlyForDeploymentPostprocessing = 0;
		};
		C3682926203B737B00E66FEF /* Resources */ = {
			isa = PBXResourcesBuildPhase;
			buildActionMask = 2147483647;
			files = (
			);
			runOnlyForDeploymentPostprocessing = 0;
		};
/* End PBXResourcesBuildPhase section */

/* Begin PBXSourcesBuildPhase section */
		C3682905203B737A00E66FEF /* Sources */ = {
			isa = PBXSourcesBuildPhase;
			buildActionMask = 2147483647;
			files = (
				C368290F203B737A00E66FEF /* ViewController.swift in Sources */,
				C368290D203B737A00E66FEF /* AppDelegate.swift in Sources */,
			);
			runOnlyForDeploymentPostprocessing = 0;
		};
		C3682919203B737B00E66FEF /* Sources */ = {
			isa = PBXSourcesBuildPhase;
			buildActionMask = 2147483647;
			files = (
				C3682922203B737B00E66FEF /* WorkSpaceTests.swift in Sources */,
			);
			runOnlyForDeploymentPostprocessing = 0;
		};
		C3682924203B737B00E66FEF /* Sources */ = {
			isa = PBXSourcesBuildPhase;
			buildActionMask = 2147483647;
			files = (
				C368292D203B737B00E66FEF /* WorkSpaceUITests.swift in Sources */,
			);
			runOnlyForDeploymentPostprocessing = 0;
		};
/* End PBXSourcesBuildPhase section */

/* Begin PBXTargetDependency section */
		C368291F203B737B00E66FEF /* PBXTargetDependency */ = {
			isa = PBXTargetDependency;
			target = C3682908203B737A00E66FEF /* WorkSpace */;
			targetProxy = C368291E203B737B00E66FEF /* PBXContainerItemProxy */;
		};
		C368292A203B737B00E66FEF /* PBXTargetDependency */ = {
			isa = PBXTargetDependency;
			target = C3682908203B737A00E66FEF /* WorkSpace */;
			targetProxy = C3682929203B737B00E66FEF /* PBXContainerItemProxy */;
		};
/* End PBXTargetDependency section */

/* Begin PBXVariantGroup section */
		C3682910203B737A00E66FEF /* Main.storyboard */ = {
			isa = PBXVariantGroup;
			children = (
				C3682911203B737A00E66FEF /* Base */,
			);
			name = Main.storyboard;
			sourceTree = "<group>";
		};
		C3682915203B737A00E66FEF /* LaunchScreen.storyboard */ = {
			isa = PBXVariantGroup;
			children = (
				C3682916203B737A00E66FEF /* Base */,
			);
			name = LaunchScreen.storyboard;
			sourceTree = "<group>";
		};
/* End PBXVariantGroup section */

/* Begin XCBuildConfiguration section */
		C368292F203B737B00E66FEF /* Debug */ = {
			isa = XCBuildConfiguration;
			buildSettings = {
				ALWAYS_SEARCH_USER_PATHS = NO;
				CLANG_ANALYZER_NONNULL = YES;
				CLANG_ANALYZER_NUMBER_OBJECT_CONVERSION = YES_AGGRESSIVE;
				CLANG_CXX_LANGUAGE_STANDARD = "gnu++14";
				CLANG_CXX_LIBRARY = "libc++";
				CLANG_ENABLE_MODULES = YES;
				CLANG_ENABLE_OBJC_ARC = YES;
				CLANG_WARN_BLOCK_CAPTURE_AUTORELEASING = YES;
				CLANG_WARN_BOOL_CONVERSION = YES;
				CLANG_WARN_COMMA = YES;
				CLANG_WARN_CONSTANT_CONVERSION = YES;
				CLANG_WARN_DIRECT_OBJC_ISA_USAGE = YES_ERROR;
				CLANG_WARN_DOCUMENTATION_COMMENTS = YES;
				CLANG_WARN_EMPTY_BODY = YES;
				CLANG_WARN_ENUM_CONVERSION = YES;
				CLANG_WARN_INFINITE_RECURSION = YES;
				CLANG_WARN_INT_CONVERSION = YES;
				CLANG_WARN_NON_LITERAL_NULL_CONVERSION = YES;
				CLANG_WARN_OBJC_LITERAL_CONVERSION = YES;
				CLANG_WARN_OBJC_ROOT_CLASS = YES_ERROR;
				CLANG_WARN_RANGE_LOOP_ANALYSIS = YES;
				CLANG_WARN_STRICT_PROTOTYPES = YES;
				CLANG_WARN_SUSPICIOUS_MOVE = YES;
				CLANG_WARN_UNGUARDED_AVAILABILITY = YES_AGGRESSIVE;
				CLANG_WARN_UNREACHABLE_CODE = YES;
				CLANG_WARN__DUPLICATE_METHOD_MATCH = YES;
				CODE_SIGN_IDENTITY = "iPhone Developer";
				COPY_PHASE_STRIP = NO;
				DEBUG_INFORMATION_FORMAT = dwarf;
				ENABLE_STRICT_OBJC_MSGSEND = YES;
				ENABLE_TESTABILITY = YES;
				GCC_C_LANGUAGE_STANDARD = gnu11;
				GCC_DYNAMIC_NO_PIC = NO;
				GCC_NO_COMMON_BLOCKS = YES;
				GCC_OPTIMIZATION_LEVEL = 0;
				GCC_PREPROCESSOR_DEFINITIONS = (
					"DEBUG=1",
					"$(inherited)",
				);
				GCC_WARN_64_TO_32_BIT_CONVERSION = YES;
				GCC_WARN_ABOUT_RETURN_TYPE = YES_ERROR;
				GCC_WARN_UNDECLARED_SELECTOR = YES;
				GCC_WARN_UNINITIALIZED_AUTOS = YES_AGGRESSIVE;
				GCC_WARN_UNUSED_FUNCTION = YES;
				GCC_WARN_UNUSED_VARIABLE = YES;
				IPHONEOS_DEPLOYMENT_TARGET = 11.2;
				MTL_ENABLE_DEBUG_INFO = YES;
				ONLY_ACTIVE_ARCH = YES;
				SDKROOT = iphoneos;
				SWIFT_ACTIVE_COMPILATION_CONDITIONS = DEBUG;
				SWIFT_OPTIMIZATION_LEVEL = "-Onone";
			};
			name = Debug;
		};
		C3682930203B737B00E66FEF /* Release */ = {
			isa = XCBuildConfiguration;
			buildSettings = {
				ALWAYS_SEARCH_USER_PATHS = NO;
				CLANG_ANALYZER_NONNULL = YES;
				CLANG_ANALYZER_NUMBER_OBJECT_CONVERSION = YES_AGGRESSIVE;
				CLANG_CXX_LANGUAGE_STANDARD = "gnu++14";
				CLANG_CXX_LIBRARY = "libc++";
				CLANG_ENABLE_MODULES = YES;
				CLANG_ENABLE_OBJC_ARC = YES;
				CLANG_WARN_BLOCK_CAPTURE_AUTORELEASING = YES;
				CLANG_WARN_BOOL_CONVERSION = YES;
				CLANG_WARN_COMMA = YES;
				CLANG_WARN_CONSTANT_CONVERSION = YES;
				CLANG_WARN_DIRECT_OBJC_ISA_USAGE = YES_ERROR;
				CLANG_WARN_DOCUMENTATION_COMMENTS = YES;
				CLANG_WARN_EMPTY_BODY = YES;
				CLANG_WARN_ENUM_CONVERSION = YES;
				CLANG_WARN_INFINITE_RECURSION = YES;
				CLANG_WARN_INT_CONVERSION = YES;
				CLANG_WARN_NON_LITERAL_NULL_CONVERSION = YES;
				CLANG_WARN_OBJC_LITERAL_CONVERSION = YES;
				CLANG_WARN_OBJC_ROOT_CLASS = YES_ERROR;
				CLANG_WARN_RANGE_LOOP_ANALYSIS = YES;
				CLANG_WARN_STRICT_PROTOTYPES = YES;
				CLANG_WARN_SUSPICIOUS_MOVE = YES;
				CLANG_WARN_UNGUARDED_AVAILABILITY = YES_AGGRESSIVE;
				CLANG_WARN_UNREACHABLE_CODE = YES;
				CLANG_WARN__DUPLICATE_METHOD_MATCH = YES;
				CODE_SIGN_IDENTITY = "iPhone Developer";
				COPY_PHASE_STRIP = NO;
				DEBUG_INFORMATION_FORMAT = "dwarf-with-dsym";
				ENABLE_NS_ASSERTIONS = NO;
				ENABLE_STRICT_OBJC_MSGSEND = YES;
				GCC_C_LANGUAGE_STANDARD = gnu11;
				GCC_NO_COMMON_BLOCKS = YES;
				GCC_WARN_64_TO_32_BIT_CONVERSION = YES;
				GCC_WARN_ABOUT_RETURN_TYPE = YES_ERROR;
				GCC_WARN_UNDECLARED_SELECTOR = YES;
				GCC_WARN_UNINITIALIZED_AUTOS = YES_AGGRESSIVE;
				GCC_WARN_UNUSED_FUNCTION = YES;
				GCC_WARN_UNUSED_VARIABLE = YES;
				IPHONEOS_DEPLOYMENT_TARGET = 11.2;
				MTL_ENABLE_DEBUG_INFO = NO;
				SDKROOT = iphoneos;
				SWIFT_OPTIMIZATION_LEVEL = "-Owholemodule";
				VALIDATE_PRODUCT = YES;
			};
			name = Release;
		};
		C3682932203B737B00E66FEF /* Debug */ = {
			isa = XCBuildConfiguration;
			buildSettings = {
				ASSETCATALOG_COMPILER_APPICON_NAME = AppIcon;
				CODE_SIGN_STYLE = Automatic;
				INFOPLIST_FILE = WorkSpace/Info.plist;
				LD_RUNPATH_SEARCH_PATHS = "$(inherited) @executable_path/Frameworks";
				PRODUCT_BUNDLE_IDENTIFIER = rockrabbit.WorkSpace;
				PRODUCT_NAME = "$(TARGET_NAME)";
				SWIFT_VERSION = 4.0;
				TARGETED_DEVICE_FAMILY = "1,2";
			};
			name = Debug;
		};
		C3682933203B737B00E66FEF /* Release */ = {
			isa = XCBuildConfiguration;
			buildSettings = {
				ASSETCATALOG_COMPILER_APPICON_NAME = AppIcon;
				CODE_SIGN_STYLE = Automatic;
				INFOPLIST_FILE = WorkSpace/Info.plist;
				LD_RUNPATH_SEARCH_PATHS = "$(inherited) @executable_path/Frameworks";
				PRODUCT_BUNDLE_IDENTIFIER = rockrabbit.WorkSpace;
				PRODUCT_NAME = "$(TARGET_NAME)";
				SWIFT_VERSION = 4.0;
				TARGETED_DEVICE_FAMILY = "1,2";
			};
			name = Release;
		};
		C3682935203B737B00E66FEF /* Debug */ = {
			isa = XCBuildConfiguration;
			buildSettings = {
				ALWAYS_EMBED_SWIFT_STANDARD_LIBRARIES = YES;
				BUNDLE_LOADER = "$(TEST_HOST)";
				CODE_SIGN_STYLE = Automatic;
				INFOPLIST_FILE = WorkSpaceTests/Info.plist;
				LD_RUNPATH_SEARCH_PATHS = "$(inherited) @executable_path/Frameworks @loader_path/Frameworks";
				PRODUCT_BUNDLE_IDENTIFIER = rockrabbit.WorkSpaceTests;
				PRODUCT_NAME = "$(TARGET_NAME)";
				SWIFT_VERSION = 4.0;
				TARGETED_DEVICE_FAMILY = "1,2";
				TEST_HOST = "$(BUILT_PRODUCTS_DIR)/WorkSpace.app/WorkSpace";
			};
			name = Debug;
		};
		C3682936203B737B00E66FEF /* Release */ = {
			isa = XCBuildConfiguration;
			buildSettings = {
				ALWAYS_EMBED_SWIFT_STANDARD_LIBRARIES = YES;
				BUNDLE_LOADER = "$(TEST_HOST)";
				CODE_SIGN_STYLE = Automatic;
				INFOPLIST_FILE = WorkSpaceTests/Info.plist;
				LD_RUNPATH_SEARCH_PATHS = "$(inherited) @executable_path/Frameworks @loader_path/Frameworks";
				PRODUCT_BUNDLE_IDENTIFIER = rockrabbit.WorkSpaceTests;
				PRODUCT_NAME = "$(TARGET_NAME)";
				SWIFT_VERSION = 4.0;
				TARGETED_DEVICE_FAMILY = "1,2";
				TEST_HOST = "$(BUILT_PRODUCTS_DIR)/WorkSpace.app/WorkSpace";
			};
			name = Release;
		};
		C3682938203B737B00E66FEF /* Debug */ = {
			isa = XCBuildConfiguration;
			buildSettings = {
				ALWAYS_EMBED_SWIFT_STANDARD_LIBRARIES = YES;
				CODE_SIGN_STYLE = Automatic;
				INFOPLIST_FILE = WorkSpaceUITests/Info.plist;
				LD_RUNPATH_SEARCH_PATHS = "$(inherited) @executable_path/Frameworks @loader_path/Frameworks";
				PRODUCT_BUNDLE_IDENTIFIER = rockrabbit.WorkSpaceUITests;
				PRODUCT_NAME = "$(TARGET_NAME)";
				SWIFT_VERSION = 4.0;
				TARGETED_DEVICE_FAMILY = "1,2";
				TEST_TARGET_NAME = WorkSpace;
			};
			name = Debug;
		};
		C3682939203B737B00E66FEF /* Release */ = {
			isa = XCBuildConfiguration;
			buildSettings = {
				ALWAYS_EMBED_SWIFT_STANDARD_LIBRARIES = YES;
				CODE_SIGN_STYLE = Automatic;
				INFOPLIST_FILE = WorkSpaceUITests/Info.plist;
				LD_RUNPATH_SEARCH_PATHS = "$(inherited) @executable_path/Frameworks @loader_path/Frameworks";
				PRODUCT_BUNDLE_IDENTIFIER = rockrabbit.WorkSpaceUITests;
				PRODUCT_NAME = "$(TARGET_NAME)";
				SWIFT_VERSION = 4.0;
				TARGETED_DEVICE_FAMILY = "1,2";
				TEST_TARGET_NAME = WorkSpace;
			};
			name = Release;
		};
/* End XCBuildConfiguration section */

/* Begin XCConfigurationList section */
		C3682904203B737A00E66FEF /* Build configuration list for PBXProject "WorkSpace" */ = {
			isa = XCConfigurationList;
			buildConfigurations = (
				C368292F203B737B00E66FEF /* Debug */,
				C3682930203B737B00E66FEF /* Release */,
			);
			defaultConfigurationIsVisible = 0;
			defaultConfigurationName = Release;
		};
		C3682931203B737B00E66FEF /* Build configuration list for PBXNativeTarget "WorkSpace" */ = {
			isa = XCConfigurationList;
			buildConfigurations = (
				C3682932203B737B00E66FEF /* Debug */,
				C3682933203B737B00E66FEF /* Release */,
			);
			defaultConfigurationIsVisible = 0;
			defaultConfigurationName = Release;
		};
		C3682934203B737B00E66FEF /* Build configuration list for PBXNativeTarget "WorkSpaceTests" */ = {
			isa = XCConfigurationList;
			buildConfigurations = (
				C3682935203B737B00E66FEF /* Debug */,
				C3682936203B737B00E66FEF /* Release */,
			);
			defaultConfigurationIsVisible = 0;
			defaultConfigurationName = Release;
		};
		C3682937203B737B00E66FEF /* Build configuration list for PBXNativeTarget "WorkSpaceUITests" */ = {
			isa = XCConfigurationList;
			buildConfigurations = (
				C3682938203B737B00E66FEF /* Debug */,
				C3682939203B737B00E66FEF /* Release */,
			);
			defaultConfigurationIsVisible = 0;
			defaultConfigurationName = Release;
		};
/* End XCConfigurationList section */
	};
	rootObject = C3682901203B737A00E66FEF /* Project object */;
}
